
Microsoft Visual Studio Solution File, Format Version 12.00
# Visual Studio Version 17
VisualStudioVersion = 17.3.32825.248
MinimumVisualStudioVersion = 10.0.40219.1
Project("{FAE04EC0-301F-11D3-BF4B-00C04F79EFBC}") = "LeaveManagement.Web", "LeaveManagement.Web\LeaveManagement.Web.csproj", "{08BC4DDC-F706-4EBB-8FA3-069F794371BB}"
EndProject
Global
	GlobalSection(SolutionConfigurationPlatforms) = preSolution
		Debug|Any CPU = Debug|Any CPU
		Release|Any CPU = Release|Any CPU
	EndGlobalSection
	GlobalSection(ProjectConfigurationPlatforms) = postSolution
		{08BC4DDC-F706-4EBB-8FA3-069F794371BB}.Debug|Any CPU.ActiveCfg = Debug|Any CPU
		{08BC4DDC-F706-4EBB-8FA3-069F794371BB}.Debug|Any CPU.Build.0 = Debug|Any CPU
		{08BC4DDC-F706-4EBB-8FA3-069F794371BB}.Release|Any CPU.ActiveCfg = Release|Any CPU
		{08BC4DDC-F706-4EBB-8FA3-069F794371BB}.Release|Any CPU.Build.0 = Release|Any CPU
	EndGlobalSection
	GlobalSection(SolutionProperties) = preSolution
		HideSolutionNode = FALSE
	EndGlobalSection
	GlobalSection(ExtensibilityGlobals) = postSolution
		SolutionGuid = {18722F3C-07FA-43D8-95A9-8EF86355FB53}
	EndGlobalSection
EndGlobal
